// !$*UTF8*$!
{
	archiveVersion = 1;
	classes = {
	};
	objectVersion = 50;
	objects = {

/* Begin PBXBuildFile section */
		720D07F823E984AE00569622 /* AppDelegate.swift in Sources */ = {isa = PBXBuildFile; fileRef = 720D07F723E984AE00569622 /* AppDelegate.swift */; };
		720D07FA23E984AE00569622 /* SceneDelegate.swift in Sources */ = {isa = PBXBuildFile; fileRef = 720D07F923E984AE00569622 /* SceneDelegate.swift */; };
		720D07FC23E984AE00569622 /* ViewController.swift in Sources */ = {isa = PBXBuildFile; fileRef = 720D07FB23E984AE00569622 /* ViewController.swift */; };
		720D07FF23E984AE00569622 /* Main.storyboard in Resources */ = {isa = PBXBuildFile; fileRef = 720D07FD23E984AE00569622 /* Main.storyboard */; };
		720D080123E984AE00569622 /* Assets.xcassets in Resources */ = {isa = PBXBuildFile; fileRef = 720D080023E984AE00569622 /* Assets.xcassets */; };
		720D080423E984AE00569622 /* LaunchScreen.storyboard in Resources */ = {isa = PBXBuildFile; fileRef = 720D080223E984AE00569622 /* LaunchScreen.storyboard */; };
		720D080F23E984AE00569622 /* date_suggester_iOSTests.swift in Sources */ = {isa = PBXBuildFile; fileRef = 720D080E23E984AE00569622 /* date_suggester_iOSTests.swift */; };
		720D081A23E984AF00569622 /* date_suggester_iOSUITests.swift in Sources */ = {isa = PBXBuildFile; fileRef = 720D081923E984AF00569622 /* date_suggester_iOSUITests.swift */; };
		720D082C23E9A84E00569622 /* TutorialViewController.storyboard in Resources */ = {isa = PBXBuildFile; fileRef = 720D082B23E9A84D00569622 /* TutorialViewController.storyboard */; };
		721336EA240CE48400F8E967 /* CustomUnderlineTextField.swift in Sources */ = {isa = PBXBuildFile; fileRef = 721336E9240CE48400F8E967 /* CustomUnderlineTextField.swift */; };
		7215FF14240D600400AB3BBB /* SignUpCustomTextField.swift in Sources */ = {isa = PBXBuildFile; fileRef = 7215FF13240D600400AB3BBB /* SignUpCustomTextField.swift */; };
		721D100123F509DD006DA520 /* MypageViewController.swift in Sources */ = {isa = PBXBuildFile; fileRef = 721D100023F509DD006DA520 /* MypageViewController.swift */; };
		721D100323F50E6A006DA520 /* UIColorHex.swift in Sources */ = {isa = PBXBuildFile; fileRef = 721D100223F50E6A006DA520 /* UIColorHex.swift */; };
		72513F5C23EBCFA9007B1499 /* DateFeelingViewController.swift in Sources */ = {isa = PBXBuildFile; fileRef = 72513F5B23EBCFA9007B1499 /* DateFeelingViewController.swift */; };
		72513F6223EBF120007B1499 /* DetailPlanViewController.swift in Sources */ = {isa = PBXBuildFile; fileRef = 72513F6123EBF120007B1499 /* DetailPlanViewController.swift */; };
		72513F6423EBF148007B1499 /* DetailPlanViewController.storyboard in Resources */ = {isa = PBXBuildFile; fileRef = 72513F6323EBF148007B1499 /* DetailPlanViewController.storyboard */; };
		7276AEE023EAA9B7008864D7 /* DateLocationViewController.swift in Sources */ = {isa = PBXBuildFile; fileRef = 7276AEDF23EAA9B7008864D7 /* DateLocationViewController.swift */; };
		7276AEE323EAA9DE008864D7 /* SimplePlanViewController.storyboard in Resources */ = {isa = PBXBuildFile; fileRef = 7276AEE223EAA9DE008864D7 /* SimplePlanViewController.storyboard */; };
		7276AEE523EAACC0008864D7 /* DatePlanSuggestionViewControlller.swift in Sources */ = {isa = PBXBuildFile; fileRef = 7276AEE423EAACC0008864D7 /* DatePlanSuggestionViewControlller.swift */; };
		7276AEEA23EABC17008864D7 /* MainPageViewController.storyboard in Resources */ = {isa = PBXBuildFile; fileRef = 7276AEE923EABC17008864D7 /* MainPageViewController.storyboard */; };
		7276AEEC23EACE65008864D7 /* MainPageViewController.swift in Sources */ = {isa = PBXBuildFile; fileRef = 7276AEEB23EACE65008864D7 /* MainPageViewController.swift */; };
		7276AEEE23EAD1B1008864D7 /* DateplanListViewController.swift in Sources */ = {isa = PBXBuildFile; fileRef = 7276AEED23EAD1B1008864D7 /* DateplanListViewController.swift */; };
		7276AEF023EAD63C008864D7 /* DatePlanDecideViewController.swift in Sources */ = {isa = PBXBuildFile; fileRef = 7276AEEF23EAD63C008864D7 /* DatePlanDecideViewController.swift */; };
		7276AEF223EBBB99008864D7 /* DateScheduleViewController.swift in Sources */ = {isa = PBXBuildFile; fileRef = 7276AEF123EBBB99008864D7 /* DateScheduleViewController.swift */; };
		7276AEF423EBC1CD008864D7 /* AppNavigationController.swift in Sources */ = {isa = PBXBuildFile; fileRef = 7276AEF323EBC1CD008864D7 /* AppNavigationController.swift */; };
		7276AEF623EBCADE008864D7 /* DateBudgetViewController.swift in Sources */ = {isa = PBXBuildFile; fileRef = 7276AEF523EBCADE008864D7 /* DateBudgetViewController.swift */; };
		7276AEF823EBCE4A008864D7 /* DateTimeViewController.swift in Sources */ = {isa = PBXBuildFile; fileRef = 7276AEF723EBCE4A008864D7 /* DateTimeViewController.swift */; };
		727C4A5B240362300058AE58 /* AnswerModel.swift in Sources */ = {isa = PBXBuildFile; fileRef = 727C4A5A240362300058AE58 /* AnswerModel.swift */; };
		727C4A5D240362890058AE58 /* CustomButton.swift in Sources */ = {isa = PBXBuildFile; fileRef = 727C4A5C240362890058AE58 /* CustomButton.swift */; };
		7281E60A241F4F5100886634 /* MyPlan.swift in Sources */ = {isa = PBXBuildFile; fileRef = 7281E609241F4F5100886634 /* MyPlan.swift */; };
		7281E60C241F4FB200886634 /* Plan.swift in Sources */ = {isa = PBXBuildFile; fileRef = 7281E60B241F4FB200886634 /* Plan.swift */; };
		7281E60E241F502900886634 /* Spot.swift in Sources */ = {isa = PBXBuildFile; fileRef = 7281E60D241F502900886634 /* Spot.swift */; };
		7291BD2B23FE2D80001047D8 /* PopupViewController.swift in Sources */ = {isa = PBXBuildFile; fileRef = 7291BD2A23FE2D80001047D8 /* PopupViewController.swift */; };
		729984B52420A6E70026E041 /* AddBackground.swift in Sources */ = {isa = PBXBuildFile; fileRef = 729984B42420A6E70026E041 /* AddBackground.swift */; };
		72A4E17E23F5344800B7607C /* ProfileEditViewController.swift in Sources */ = {isa = PBXBuildFile; fileRef = 72A4E17D23F5344800B7607C /* ProfileEditViewController.swift */; };
		72A4E18123F57BB800B7607C /* DatePlanListCollectionViewCell.swift in Sources */ = {isa = PBXBuildFile; fileRef = 72A4E17F23F57BB800B7607C /* DatePlanListCollectionViewCell.swift */; };
		72A4E18223F57BB800B7607C /* DatePlanListCollectionViewCell.xib in Resources */ = {isa = PBXBuildFile; fileRef = 72A4E18023F57BB800B7607C /* DatePlanListCollectionViewCell.xib */; };
		72A4E18423F668B600B7607C /* LoginViewController.swift in Sources */ = {isa = PBXBuildFile; fileRef = 72A4E18323F668B600B7607C /* LoginViewController.swift */; };
		72A4E18623F68D4D00B7607C /* FirstViewController.swift in Sources */ = {isa = PBXBuildFile; fileRef = 72A4E18523F68D4D00B7607C /* FirstViewController.swift */; };
		72A4E18A23F7E3AB00B7607C /* api.swift in Sources */ = {isa = PBXBuildFile; fileRef = 72A4E18923F7E3AB00B7607C /* api.swift */; };
		72BED50823EC062E00A254BC /* SignUpViewController.swift in Sources */ = {isa = PBXBuildFile; fileRef = 72BED50723EC062E00A254BC /* SignUpViewController.swift */; };
		72BED50A23EC065200A254BC /* LoginViewController.storyboard in Resources */ = {isa = PBXBuildFile; fileRef = 72BED50923EC065200A254BC /* LoginViewController.storyboard */; };
		72BED50C23EC073600A254BC /* ListenBirthyearViewController.swift in Sources */ = {isa = PBXBuildFile; fileRef = 72BED50B23EC073600A254BC /* ListenBirthyearViewController.swift */; };
		72BED50E23EC075000A254BC /* ListenLocationViewController.swift in Sources */ = {isa = PBXBuildFile; fileRef = 72BED50D23EC075000A254BC /* ListenLocationViewController.swift */; };
		72BED51023ED1F4900A254BC /* DetailNavigationController.swift in Sources */ = {isa = PBXBuildFile; fileRef = 72BED50F23ED1F4900A254BC /* DetailNavigationController.swift */; };
		72BED51223ED5D6500A254BC /* DateDetailScheduleViewController.swift in Sources */ = {isa = PBXBuildFile; fileRef = 72BED51123ED5D6500A254BC /* DateDetailScheduleViewController.swift */; };
/* End PBXBuildFile section */

/* Begin PBXContainerItemProxy section */
		720D080B23E984AE00569622 /* PBXContainerItemProxy */ = {
			isa = PBXContainerItemProxy;
			containerPortal = 720D07EC23E984AE00569622 /* Project object */;
			proxyType = 1;
			remoteGlobalIDString = 720D07F323E984AE00569622;
			remoteInfo = "date-suggester-iOS";
		};
		720D081623E984AF00569622 /* PBXContainerItemProxy */ = {
			isa = PBXContainerItemProxy;
			containerPortal = 720D07EC23E984AE00569622 /* Project object */;
			proxyType = 1;
			remoteGlobalIDString = 720D07F323E984AE00569622;
			remoteInfo = "date-suggester-iOS";
		};
/* End PBXContainerItemProxy section */

/* Begin PBXFileReference section */
		720D07F423E984AE00569622 /* date-suggester-iOS.app */ = {isa = PBXFileReference; explicitFileType = wrapper.application; includeInIndex = 0; path = "date-suggester-iOS.app"; sourceTree = BUILT_PRODUCTS_DIR; };
		720D07F723E984AE00569622 /* AppDelegate.swift */ = {isa = PBXFileReference; lastKnownFileType = sourcecode.swift; path = AppDelegate.swift; sourceTree = "<group>"; };
		720D07F923E984AE00569622 /* SceneDelegate.swift */ = {isa = PBXFileReference; lastKnownFileType = sourcecode.swift; path = SceneDelegate.swift; sourceTree = "<group>"; };
		720D07FB23E984AE00569622 /* ViewController.swift */ = {isa = PBXFileReference; lastKnownFileType = sourcecode.swift; path = ViewController.swift; sourceTree = "<group>"; };
		720D07FE23E984AE00569622 /* Base */ = {isa = PBXFileReference; lastKnownFileType = file.storyboard; name = Base; path = Base.lproj/Main.storyboard; sourceTree = "<group>"; };
		720D080023E984AE00569622 /* Assets.xcassets */ = {isa = PBXFileReference; lastKnownFileType = folder.assetcatalog; path = Assets.xcassets; sourceTree = "<group>"; };
		720D080323E984AE00569622 /* Base */ = {isa = PBXFileReference; lastKnownFileType = file.storyboard; name = Base; path = Base.lproj/LaunchScreen.storyboard; sourceTree = "<group>"; };
		720D080523E984AE00569622 /* Info.plist */ = {isa = PBXFileReference; lastKnownFileType = text.plist.xml; path = Info.plist; sourceTree = "<group>"; };
		720D080A23E984AE00569622 /* date-suggester-iOSTests.xctest */ = {isa = PBXFileReference; explicitFileType = wrapper.cfbundle; includeInIndex = 0; path = "date-suggester-iOSTests.xctest"; sourceTree = BUILT_PRODUCTS_DIR; };
		720D080E23E984AE00569622 /* date_suggester_iOSTests.swift */ = {isa = PBXFileReference; lastKnownFileType = sourcecode.swift; path = date_suggester_iOSTests.swift; sourceTree = "<group>"; };
		720D081023E984AE00569622 /* Info.plist */ = {isa = PBXFileReference; lastKnownFileType = text.plist.xml; path = Info.plist; sourceTree = "<group>"; };
		720D081523E984AF00569622 /* date-suggester-iOSUITests.xctest */ = {isa = PBXFileReference; explicitFileType = wrapper.cfbundle; includeInIndex = 0; path = "date-suggester-iOSUITests.xctest"; sourceTree = BUILT_PRODUCTS_DIR; };
		720D081923E984AF00569622 /* date_suggester_iOSUITests.swift */ = {isa = PBXFileReference; lastKnownFileType = sourcecode.swift; path = date_suggester_iOSUITests.swift; sourceTree = "<group>"; };
		720D081B23E984AF00569622 /* Info.plist */ = {isa = PBXFileReference; lastKnownFileType = text.plist.xml; path = Info.plist; sourceTree = "<group>"; };
		720D082B23E9A84D00569622 /* TutorialViewController.storyboard */ = {isa = PBXFileReference; lastKnownFileType = file.storyboard; path = TutorialViewController.storyboard; sourceTree = "<group>"; };
		721336E9240CE48400F8E967 /* CustomUnderlineTextField.swift */ = {isa = PBXFileReference; lastKnownFileType = sourcecode.swift; path = CustomUnderlineTextField.swift; sourceTree = "<group>"; };
		7215FF13240D600400AB3BBB /* SignUpCustomTextField.swift */ = {isa = PBXFileReference; lastKnownFileType = sourcecode.swift; path = SignUpCustomTextField.swift; sourceTree = "<group>"; };
		721D100023F509DD006DA520 /* MypageViewController.swift */ = {isa = PBXFileReference; lastKnownFileType = sourcecode.swift; path = MypageViewController.swift; sourceTree = "<group>"; };
		721D100223F50E6A006DA520 /* UIColorHex.swift */ = {isa = PBXFileReference; lastKnownFileType = sourcecode.swift; path = UIColorHex.swift; sourceTree = "<group>"; };
		72513F5B23EBCFA9007B1499 /* DateFeelingViewController.swift */ = {isa = PBXFileReference; lastKnownFileType = sourcecode.swift; path = DateFeelingViewController.swift; sourceTree = "<group>"; };
		72513F6123EBF120007B1499 /* DetailPlanViewController.swift */ = {isa = PBXFileReference; lastKnownFileType = sourcecode.swift; path = DetailPlanViewController.swift; sourceTree = "<group>"; };
		72513F6323EBF148007B1499 /* DetailPlanViewController.storyboard */ = {isa = PBXFileReference; lastKnownFileType = file.storyboard; path = DetailPlanViewController.storyboard; sourceTree = "<group>"; };
		7276AEDF23EAA9B7008864D7 /* DateLocationViewController.swift */ = {isa = PBXFileReference; lastKnownFileType = sourcecode.swift; path = DateLocationViewController.swift; sourceTree = "<group>"; };
		7276AEE223EAA9DE008864D7 /* SimplePlanViewController.storyboard */ = {isa = PBXFileReference; lastKnownFileType = file.storyboard; path = SimplePlanViewController.storyboard; sourceTree = "<group>"; };
		7276AEE423EAACC0008864D7 /* DatePlanSuggestionViewControlller.swift */ = {isa = PBXFileReference; lastKnownFileType = sourcecode.swift; path = DatePlanSuggestionViewControlller.swift; sourceTree = "<group>"; };
		7276AEE923EABC17008864D7 /* MainPageViewController.storyboard */ = {isa = PBXFileReference; lastKnownFileType = file.storyboard; path = MainPageViewController.storyboard; sourceTree = "<group>"; };
		7276AEEB23EACE65008864D7 /* MainPageViewController.swift */ = {isa = PBXFileReference; lastKnownFileType = sourcecode.swift; path = MainPageViewController.swift; sourceTree = "<group>"; };
		7276AEED23EAD1B1008864D7 /* DateplanListViewController.swift */ = {isa = PBXFileReference; lastKnownFileType = sourcecode.swift; path = DateplanListViewController.swift; sourceTree = "<group>"; };
		7276AEEF23EAD63C008864D7 /* DatePlanDecideViewController.swift */ = {isa = PBXFileReference; lastKnownFileType = sourcecode.swift; path = DatePlanDecideViewController.swift; sourceTree = "<group>"; };
		7276AEF123EBBB99008864D7 /* DateScheduleViewController.swift */ = {isa = PBXFileReference; lastKnownFileType = sourcecode.swift; path = DateScheduleViewController.swift; sourceTree = "<group>"; };
		7276AEF323EBC1CD008864D7 /* AppNavigationController.swift */ = {isa = PBXFileReference; lastKnownFileType = sourcecode.swift; path = AppNavigationController.swift; sourceTree = "<group>"; };
		7276AEF523EBCADE008864D7 /* DateBudgetViewController.swift */ = {isa = PBXFileReference; lastKnownFileType = sourcecode.swift; path = DateBudgetViewController.swift; sourceTree = "<group>"; };
		7276AEF723EBCE4A008864D7 /* DateTimeViewController.swift */ = {isa = PBXFileReference; lastKnownFileType = sourcecode.swift; path = DateTimeViewController.swift; sourceTree = "<group>"; };
		727C4A5A240362300058AE58 /* AnswerModel.swift */ = {isa = PBXFileReference; lastKnownFileType = sourcecode.swift; path = AnswerModel.swift; sourceTree = "<group>"; };
		727C4A5C240362890058AE58 /* CustomButton.swift */ = {isa = PBXFileReference; lastKnownFileType = sourcecode.swift; path = CustomButton.swift; sourceTree = "<group>"; };
		7281E609241F4F5100886634 /* MyPlan.swift */ = {isa = PBXFileReference; lastKnownFileType = sourcecode.swift; path = MyPlan.swift; sourceTree = "<group>"; };
		7281E60B241F4FB200886634 /* Plan.swift */ = {isa = PBXFileReference; lastKnownFileType = sourcecode.swift; path = Plan.swift; sourceTree = "<group>"; };
		7281E60D241F502900886634 /* Spot.swift */ = {isa = PBXFileReference; lastKnownFileType = sourcecode.swift; path = Spot.swift; sourceTree = "<group>"; };
		7291BD2A23FE2D80001047D8 /* PopupViewController.swift */ = {isa = PBXFileReference; lastKnownFileType = sourcecode.swift; path = PopupViewController.swift; sourceTree = "<group>"; };
		729984B42420A6E70026E041 /* AddBackground.swift */ = {isa = PBXFileReference; lastKnownFileType = sourcecode.swift; path = AddBackground.swift; sourceTree = "<group>"; };
		72A4E17D23F5344800B7607C /* ProfileEditViewController.swift */ = {isa = PBXFileReference; lastKnownFileType = sourcecode.swift; path = ProfileEditViewController.swift; sourceTree = "<group>"; };
		72A4E17F23F57BB800B7607C /* DatePlanListCollectionViewCell.swift */ = {isa = PBXFileReference; lastKnownFileType = sourcecode.swift; path = DatePlanListCollectionViewCell.swift; sourceTree = "<group>"; };
		72A4E18023F57BB800B7607C /* DatePlanListCollectionViewCell.xib */ = {isa = PBXFileReference; lastKnownFileType = file.xib; path = DatePlanListCollectionViewCell.xib; sourceTree = "<group>"; };
		72A4E18323F668B600B7607C /* LoginViewController.swift */ = {isa = PBXFileReference; lastKnownFileType = sourcecode.swift; path = LoginViewController.swift; sourceTree = "<group>"; };
		72A4E18523F68D4D00B7607C /* FirstViewController.swift */ = {isa = PBXFileReference; lastKnownFileType = sourcecode.swift; path = FirstViewController.swift; sourceTree = "<group>"; };
		72A4E18923F7E3AB00B7607C /* api.swift */ = {isa = PBXFileReference; lastKnownFileType = sourcecode.swift; path = api.swift; sourceTree = "<group>"; };
		72BED50723EC062E00A254BC /* SignUpViewController.swift */ = {isa = PBXFileReference; lastKnownFileType = sourcecode.swift; path = SignUpViewController.swift; sourceTree = "<group>"; };
		72BED50923EC065200A254BC /* LoginViewController.storyboard */ = {isa = PBXFileReference; lastKnownFileType = file.storyboard; path = LoginViewController.storyboard; sourceTree = "<group>"; };
		72BED50B23EC073600A254BC /* ListenBirthyearViewController.swift */ = {isa = PBXFileReference; lastKnownFileType = sourcecode.swift; path = ListenBirthyearViewController.swift; sourceTree = "<group>"; };
		72BED50D23EC075000A254BC /* ListenLocationViewController.swift */ = {isa = PBXFileReference; lastKnownFileType = sourcecode.swift; path = ListenLocationViewController.swift; sourceTree = "<group>"; };
		72BED50F23ED1F4900A254BC /* DetailNavigationController.swift */ = {isa = PBXFileReference; lastKnownFileType = sourcecode.swift; path = DetailNavigationController.swift; sourceTree = "<group>"; };
		72BED51123ED5D6500A254BC /* DateDetailScheduleViewController.swift */ = {isa = PBXFileReference; lastKnownFileType = sourcecode.swift; path = DateDetailScheduleViewController.swift; sourceTree = "<group>"; };
/* End PBXFileReference section */

/* Begin PBXFrameworksBuildPhase section */
		720D07F123E984AE00569622 /* Frameworks */ = {
			isa = PBXFrameworksBuildPhase;
			buildActionMask = 2147483647;
			files = (
			);
			runOnlyForDeploymentPostprocessing = 0;
		};
		720D080723E984AE00569622 /* Frameworks */ = {
			isa = PBXFrameworksBuildPhase;
			buildActionMask = 2147483647;
			files = (
			);
			runOnlyForDeploymentPostprocessing = 0;
		};
		720D081223E984AF00569622 /* Frameworks */ = {
			isa = PBXFrameworksBuildPhase;
			buildActionMask = 2147483647;
			files = (
			);
			runOnlyForDeploymentPostprocessing = 0;
		};
/* End PBXFrameworksBuildPhase section */

/* Begin PBXGroup section */
		720D07EB23E984AE00569622 = {
			isa = PBXGroup;
			children = (
				720D07F623E984AE00569622 /* date-suggester-iOS */,
				720D080D23E984AE00569622 /* date-suggester-iOSTests */,
				720D081823E984AF00569622 /* date-suggester-iOSUITests */,
				720D07F523E984AE00569622 /* Products */,
			);
			sourceTree = "<group>";
		};
		720D07F523E984AE00569622 /* Products */ = {
			isa = PBXGroup;
			children = (
				720D07F423E984AE00569622 /* date-suggester-iOS.app */,
				720D080A23E984AE00569622 /* date-suggester-iOSTests.xctest */,
				720D081523E984AF00569622 /* date-suggester-iOSUITests.xctest */,
			);
			name = Products;
			sourceTree = "<group>";
		};
		720D07F623E984AE00569622 /* date-suggester-iOS */ = {
			isa = PBXGroup;
			children = (
				72BED50623EC060E00A254BC /* LoginPage */,
				72513F6023EBEF9E007B1499 /* DetailPlanPage */,
				7276AEE623EABBAB008864D7 /* MainPage */,
				7276AEE123EAA9C1008864D7 /* SimplePlanPage */,
				720D082823E9A7DD00569622 /* TutorialPage */,
				720D082723E9A7CA00569622 /* common */,
				720D07F723E984AE00569622 /* AppDelegate.swift */,
				720D07F923E984AE00569622 /* SceneDelegate.swift */,
				720D07FB23E984AE00569622 /* ViewController.swift */,
				720D07FD23E984AE00569622 /* Main.storyboard */,
				720D080223E984AE00569622 /* LaunchScreen.storyboard */,
				720D080023E984AE00569622 /* Assets.xcassets */,
				720D080523E984AE00569622 /* Info.plist */,
				72A4E18923F7E3AB00B7607C /* api.swift */,
			);
			path = "date-suggester-iOS";
			sourceTree = "<group>";
		};
		720D080D23E984AE00569622 /* date-suggester-iOSTests */ = {
			isa = PBXGroup;
			children = (
				720D080E23E984AE00569622 /* date_suggester_iOSTests.swift */,
				720D081023E984AE00569622 /* Info.plist */,
			);
			path = "date-suggester-iOSTests";
			sourceTree = "<group>";
		};
		720D081823E984AF00569622 /* date-suggester-iOSUITests */ = {
			isa = PBXGroup;
			children = (
				720D081923E984AF00569622 /* date_suggester_iOSUITests.swift */,
				720D081B23E984AF00569622 /* Info.plist */,
			);
			path = "date-suggester-iOSUITests";
			sourceTree = "<group>";
		};
		720D082723E9A7CA00569622 /* common */ = {
			isa = PBXGroup;
			children = (
				7276AEF323EBC1CD008864D7 /* AppNavigationController.swift */,
				721D100223F50E6A006DA520 /* UIColorHex.swift */,
				727C4A5A240362300058AE58 /* AnswerModel.swift */,
				727C4A5C240362890058AE58 /* CustomButton.swift */,
				721336E9240CE48400F8E967 /* CustomUnderlineTextField.swift */,
				7215FF13240D600400AB3BBB /* SignUpCustomTextField.swift */,
				7281E609241F4F5100886634 /* MyPlan.swift */,
				7281E60B241F4FB200886634 /* Plan.swift */,
				7281E60D241F502900886634 /* Spot.swift */,
				729984B42420A6E70026E041 /* AddBackground.swift */,
			);
			path = common;
			sourceTree = "<group>";
		};
		720D082823E9A7DD00569622 /* TutorialPage */ = {
			isa = PBXGroup;
			children = (
				72A4E18523F68D4D00B7607C /* FirstViewController.swift */,
				72BED50B23EC073600A254BC /* ListenBirthyearViewController.swift */,
				72BED50D23EC075000A254BC /* ListenLocationViewController.swift */,
				720D082B23E9A84D00569622 /* TutorialViewController.storyboard */,
			);
			path = TutorialPage;
			sourceTree = "<group>";
		};
		72513F6023EBEF9E007B1499 /* DetailPlanPage */ = {
			isa = PBXGroup;
			children = (
				72513F6123EBF120007B1499 /* DetailPlanViewController.swift */,
				72513F6323EBF148007B1499 /* DetailPlanViewController.storyboard */,
				72BED50F23ED1F4900A254BC /* DetailNavigationController.swift */,
			);
			path = DetailPlanPage;
			sourceTree = "<group>";
		};
		7276AEE123EAA9C1008864D7 /* SimplePlanPage */ = {
			isa = PBXGroup;
			children = (
				72A4E17F23F57BB800B7607C /* DatePlanListCollectionViewCell.swift */,
				7276AEDF23EAA9B7008864D7 /* DateLocationViewController.swift */,
				7276AEF523EBCADE008864D7 /* DateBudgetViewController.swift */,
				7276AEF723EBCE4A008864D7 /* DateTimeViewController.swift */,
				72513F5B23EBCFA9007B1499 /* DateFeelingViewController.swift */,
				7276AEE423EAACC0008864D7 /* DatePlanSuggestionViewControlller.swift */,
				7276AEE223EAA9DE008864D7 /* SimplePlanViewController.storyboard */,
			);
			path = SimplePlanPage;
			sourceTree = "<group>";
		};
		7276AEE623EABBAB008864D7 /* MainPage */ = {
			isa = PBXGroup;
			children = (
				7276AEE923EABC17008864D7 /* MainPageViewController.storyboard */,
				72BED50723EC062E00A254BC /* SignUpViewController.swift */,
				7276AEEB23EACE65008864D7 /* MainPageViewController.swift */,
				7276AEED23EAD1B1008864D7 /* DateplanListViewController.swift */,
				7276AEEF23EAD63C008864D7 /* DatePlanDecideViewController.swift */,
				7276AEF123EBBB99008864D7 /* DateScheduleViewController.swift */,
				72BED51123ED5D6500A254BC /* DateDetailScheduleViewController.swift */,
				721D100023F509DD006DA520 /* MypageViewController.swift */,
				72A4E17D23F5344800B7607C /* ProfileEditViewController.swift */,
				72A4E18023F57BB800B7607C /* DatePlanListCollectionViewCell.xib */,
				72A4E18323F668B600B7607C /* LoginViewController.swift */,
				7291BD2A23FE2D80001047D8 /* PopupViewController.swift */,
			);
			path = MainPage;
			sourceTree = "<group>";
		};
		72BED50623EC060E00A254BC /* LoginPage */ = {
			isa = PBXGroup;
			children = (
				72BED50923EC065200A254BC /* LoginViewController.storyboard */,
			);
			path = LoginPage;
			sourceTree = "<group>";
		};
/* End PBXGroup section */

/* Begin PBXNativeTarget section */
		720D07F323E984AE00569622 /* date-suggester-iOS */ = {
			isa = PBXNativeTarget;
			buildConfigurationList = 720D081E23E984AF00569622 /* Build configuration list for PBXNativeTarget "date-suggester-iOS" */;
			buildPhases = (
				720D07F023E984AE00569622 /* Sources */,
				720D07F123E984AE00569622 /* Frameworks */,
				720D07F223E984AE00569622 /* Resources */,
			);
			buildRules = (
			);
			dependencies = (
			);
			name = "date-suggester-iOS";
			productName = "date-suggester-iOS";
			productReference = 720D07F423E984AE00569622 /* date-suggester-iOS.app */;
			productType = "com.apple.product-type.application";
		};
		720D080923E984AE00569622 /* date-suggester-iOSTests */ = {
			isa = PBXNativeTarget;
			buildConfigurationList = 720D082123E984AF00569622 /* Build configuration list for PBXNativeTarget "date-suggester-iOSTests" */;
			buildPhases = (
				720D080623E984AE00569622 /* Sources */,
				720D080723E984AE00569622 /* Frameworks */,
				720D080823E984AE00569622 /* Resources */,
			);
			buildRules = (
			);
			dependencies = (
				720D080C23E984AE00569622 /* PBXTargetDependency */,
			);
			name = "date-suggester-iOSTests";
			productName = "date-suggester-iOSTests";
			productReference = 720D080A23E984AE00569622 /* date-suggester-iOSTests.xctest */;
			productType = "com.apple.product-type.bundle.unit-test";
		};
		720D081423E984AF00569622 /* date-suggester-iOSUITests */ = {
			isa = PBXNativeTarget;
			buildConfigurationList = 720D082423E984AF00569622 /* Build configuration list for PBXNativeTarget "date-suggester-iOSUITests" */;
			buildPhases = (
				720D081123E984AF00569622 /* Sources */,
				720D081223E984AF00569622 /* Frameworks */,
				720D081323E984AF00569622 /* Resources */,
			);
			buildRules = (
			);
			dependencies = (
				720D081723E984AF00569622 /* PBXTargetDependency */,
			);
			name = "date-suggester-iOSUITests";
			productName = "date-suggester-iOSUITests";
			productReference = 720D081523E984AF00569622 /* date-suggester-iOSUITests.xctest */;
			productType = "com.apple.product-type.bundle.ui-testing";
		};
/* End PBXNativeTarget section */

/* Begin PBXProject section */
		720D07EC23E984AE00569622 /* Project object */ = {
			isa = PBXProject;
			attributes = {
				LastSwiftUpdateCheck = 1130;
				LastUpgradeCheck = 1130;
				ORGANIZATIONNAME = saya;
				TargetAttributes = {
					720D07F323E984AE00569622 = {
						CreatedOnToolsVersion = 11.3.1;
					};
					720D080923E984AE00569622 = {
						CreatedOnToolsVersion = 11.3.1;
						TestTargetID = 720D07F323E984AE00569622;
					};
					720D081423E984AF00569622 = {
						CreatedOnToolsVersion = 11.3.1;
						TestTargetID = 720D07F323E984AE00569622;
					};
				};
			};
			buildConfigurationList = 720D07EF23E984AE00569622 /* Build configuration list for PBXProject "date-suggester-iOS" */;
			compatibilityVersion = "Xcode 9.3";
			developmentRegion = en;
			hasScannedForEncodings = 0;
			knownRegions = (
				en,
				Base,
			);
			mainGroup = 720D07EB23E984AE00569622;
			productRefGroup = 720D07F523E984AE00569622 /* Products */;
			projectDirPath = "";
			projectRoot = "";
			targets = (
				720D07F323E984AE00569622 /* date-suggester-iOS */,
				720D080923E984AE00569622 /* date-suggester-iOSTests */,
				720D081423E984AF00569622 /* date-suggester-iOSUITests */,
			);
		};
/* End PBXProject section */

/* Begin PBXResourcesBuildPhase section */
		720D07F223E984AE00569622 /* Resources */ = {
			isa = PBXResourcesBuildPhase;
			buildActionMask = 2147483647;
			files = (
				72513F6423EBF148007B1499 /* DetailPlanViewController.storyboard in Resources */,
				720D080423E984AE00569622 /* LaunchScreen.storyboard in Resources */,
				7276AEE323EAA9DE008864D7 /* SimplePlanViewController.storyboard in Resources */,
				720D082C23E9A84E00569622 /* TutorialViewController.storyboard in Resources */,
				720D080123E984AE00569622 /* Assets.xcassets in Resources */,
				72A4E18223F57BB800B7607C /* DatePlanListCollectionViewCell.xib in Resources */,
				72BED50A23EC065200A254BC /* LoginViewController.storyboard in Resources */,
				720D07FF23E984AE00569622 /* Main.storyboard in Resources */,
				7276AEEA23EABC17008864D7 /* MainPageViewController.storyboard in Resources */,
			);
			runOnlyForDeploymentPostprocessing = 0;
		};
		720D080823E984AE00569622 /* Resources */ = {
			isa = PBXResourcesBuildPhase;
			buildActionMask = 2147483647;
			files = (
			);
			runOnlyForDeploymentPostprocessing = 0;
		};
		720D081323E984AF00569622 /* Resources */ = {
			isa = PBXResourcesBuildPhase;
			buildActionMask = 2147483647;
			files = (
			);
			runOnlyForDeploymentPostprocessing = 0;
		};
/* End PBXResourcesBuildPhase section */

/* Begin PBXSourcesBuildPhase section */
		720D07F023E984AE00569622 /* Sources */ = {
			isa = PBXSourcesBuildPhase;
			buildActionMask = 2147483647;
			files = (
				7281E60A241F4F5100886634 /* MyPlan.swift in Sources */,
				72A4E18623F68D4D00B7607C /* FirstViewController.swift in Sources */,
				72BED51023ED1F4900A254BC /* DetailNavigationController.swift in Sources */,
				7276AEE023EAA9B7008864D7 /* DateLocationViewController.swift in Sources */,
				721336EA240CE48400F8E967 /* CustomUnderlineTextField.swift in Sources */,
				7276AEEC23EACE65008864D7 /* MainPageViewController.swift in Sources */,
				727C4A5D240362890058AE58 /* CustomButton.swift in Sources */,
				72513F6223EBF120007B1499 /* DetailPlanViewController.swift in Sources */,
				7291BD2B23FE2D80001047D8 /* PopupViewController.swift in Sources */,
				7281E60C241F4FB200886634 /* Plan.swift in Sources */,
				72513F5C23EBCFA9007B1499 /* DateFeelingViewController.swift in Sources */,
				7276AEF023EAD63C008864D7 /* DatePlanDecideViewController.swift in Sources */,
				720D07FC23E984AE00569622 /* ViewController.swift in Sources */,
				727C4A5B240362300058AE58 /* AnswerModel.swift in Sources */,
				72BED51223ED5D6500A254BC /* DateDetailScheduleViewController.swift in Sources */,
				7276AEE523EAACC0008864D7 /* DatePlanSuggestionViewControlller.swift in Sources */,
				721D100323F50E6A006DA520 /* UIColorHex.swift in Sources */,
				7215FF14240D600400AB3BBB /* SignUpCustomTextField.swift in Sources */,
				72A4E18123F57BB800B7607C /* DatePlanListCollectionViewCell.swift in Sources */,
				720D07F823E984AE00569622 /* AppDelegate.swift in Sources */,
				72BED50E23EC075000A254BC /* ListenLocationViewController.swift in Sources */,
				7276AEF823EBCE4A008864D7 /* DateTimeViewController.swift in Sources */,
				72BED50C23EC073600A254BC /* ListenBirthyearViewController.swift in Sources */,
				72A4E17E23F5344800B7607C /* ProfileEditViewController.swift in Sources */,
				7276AEF423EBC1CD008864D7 /* AppNavigationController.swift in Sources */,
				7276AEF623EBCADE008864D7 /* DateBudgetViewController.swift in Sources */,
				72BED50823EC062E00A254BC /* SignUpViewController.swift in Sources */,
				72A4E18A23F7E3AB00B7607C /* api.swift in Sources */,
				7276AEEE23EAD1B1008864D7 /* DateplanListViewController.swift in Sources */,
				7276AEF223EBBB99008864D7 /* DateScheduleViewController.swift in Sources */,
				729984B52420A6E70026E041 /* AddBackground.swift in Sources */,
				7281E60E241F502900886634 /* Spot.swift in Sources */,
				720D07FA23E984AE00569622 /* SceneDelegate.swift in Sources */,
				72A4E18423F668B600B7607C /* LoginViewController.swift in Sources */,
				721D100123F509DD006DA520 /* MypageViewController.swift in Sources */,
			);
			runOnlyForDeploymentPostprocessing = 0;
		};
		720D080623E984AE00569622 /* Sources */ = {
			isa = PBXSourcesBuildPhase;
			buildActionMask = 2147483647;
			files = (
				720D080F23E984AE00569622 /* date_suggester_iOSTests.swift in Sources */,
			);
			runOnlyForDeploymentPostprocessing = 0;
		};
		720D081123E984AF00569622 /* Sources */ = {
			isa = PBXSourcesBuildPhase;
			buildActionMask = 2147483647;
			files = (
				720D081A23E984AF00569622 /* date_suggester_iOSUITests.swift in Sources */,
			);
			runOnlyForDeploymentPostprocessing = 0;
		};
/* End PBXSourcesBuildPhase section */

/* Begin PBXTargetDependency section */
		720D080C23E984AE00569622 /* PBXTargetDependency */ = {
			isa = PBXTargetDependency;
			target = 720D07F323E984AE00569622 /* date-suggester-iOS */;
			targetProxy = 720D080B23E984AE00569622 /* PBXContainerItemProxy */;
		};
		720D081723E984AF00569622 /* PBXTargetDependency */ = {
			isa = PBXTargetDependency;
			target = 720D07F323E984AE00569622 /* date-suggester-iOS */;
			targetProxy = 720D081623E984AF00569622 /* PBXContainerItemProxy */;
		};
/* End PBXTargetDependency section */

/* Begin PBXVariantGroup section */
		720D07FD23E984AE00569622 /* Main.storyboard */ = {
			isa = PBXVariantGroup;
			children = (
				720D07FE23E984AE00569622 /* Base */,
			);
			name = Main.storyboard;
			sourceTree = "<group>";
		};
		720D080223E984AE00569622 /* LaunchScreen.storyboard */ = {
			isa = PBXVariantGroup;
			children = (
				720D080323E984AE00569622 /* Base */,
			);
			name = LaunchScreen.storyboard;
			sourceTree = "<group>";
		};
/* End PBXVariantGroup section */

/* Begin XCBuildConfiguration section */
		720D081C23E984AF00569622 /* Debug */ = {
			isa = XCBuildConfiguration;
			buildSettings = {
				ALWAYS_SEARCH_USER_PATHS = NO;
				CLANG_ANALYZER_NONNULL = YES;
				CLANG_ANALYZER_NUMBER_OBJECT_CONVERSION = YES_AGGRESSIVE;
				CLANG_CXX_LANGUAGE_STANDARD = "gnu++14";
				CLANG_CXX_LIBRARY = "libc++";
				CLANG_ENABLE_MODULES = YES;
				CLANG_ENABLE_OBJC_ARC = YES;
				CLANG_ENABLE_OBJC_WEAK = YES;
				CLANG_WARN_BLOCK_CAPTURE_AUTORELEASING = YES;
				CLANG_WARN_BOOL_CONVERSION = YES;
				CLANG_WARN_COMMA = YES;
				CLANG_WARN_CONSTANT_CONVERSION = YES;
				CLANG_WARN_DEPRECATED_OBJC_IMPLEMENTATIONS = YES;
				CLANG_WARN_DIRECT_OBJC_ISA_USAGE = YES_ERROR;
				CLANG_WARN_DOCUMENTATION_COMMENTS = YES;
				CLANG_WARN_EMPTY_BODY = YES;
				CLANG_WARN_ENUM_CONVERSION = YES;
				CLANG_WARN_INFINITE_RECURSION = YES;
				CLANG_WARN_INT_CONVERSION = YES;
				CLANG_WARN_NON_LITERAL_NULL_CONVERSION = YES;
				CLANG_WARN_OBJC_IMPLICIT_RETAIN_SELF = YES;
				CLANG_WARN_OBJC_LITERAL_CONVERSION = YES;
				CLANG_WARN_OBJC_ROOT_CLASS = YES_ERROR;
				CLANG_WARN_RANGE_LOOP_ANALYSIS = YES;
				CLANG_WARN_STRICT_PROTOTYPES = YES;
				CLANG_WARN_SUSPICIOUS_MOVE = YES;
				CLANG_WARN_UNGUARDED_AVAILABILITY = YES_AGGRESSIVE;
				CLANG_WARN_UNREACHABLE_CODE = YES;
				CLANG_WARN__DUPLICATE_METHOD_MATCH = YES;
				COPY_PHASE_STRIP = NO;
				DEBUG_INFORMATION_FORMAT = dwarf;
				ENABLE_STRICT_OBJC_MSGSEND = YES;
				ENABLE_TESTABILITY = YES;
				GCC_C_LANGUAGE_STANDARD = gnu11;
				GCC_DYNAMIC_NO_PIC = NO;
				GCC_NO_COMMON_BLOCKS = YES;
				GCC_OPTIMIZATION_LEVEL = 0;
				GCC_PREPROCESSOR_DEFINITIONS = (
					"DEBUG=1",
					"$(inherited)",
				);
				GCC_WARN_64_TO_32_BIT_CONVERSION = YES;
				GCC_WARN_ABOUT_RETURN_TYPE = YES_ERROR;
				GCC_WARN_UNDECLARED_SELECTOR = YES;
				GCC_WARN_UNINITIALIZED_AUTOS = YES_AGGRESSIVE;
				GCC_WARN_UNUSED_FUNCTION = YES;
				GCC_WARN_UNUSED_VARIABLE = YES;
				IPHONEOS_DEPLOYMENT_TARGET = 13.2;
				MTL_ENABLE_DEBUG_INFO = INCLUDE_SOURCE;
				MTL_FAST_MATH = YES;
				ONLY_ACTIVE_ARCH = YES;
				SDKROOT = iphoneos;
				SWIFT_ACTIVE_COMPILATION_CONDITIONS = DEBUG;
				SWIFT_OPTIMIZATION_LEVEL = "-Onone";
			};
			name = Debug;
		};
		720D081D23E984AF00569622 /* Release */ = {
			isa = XCBuildConfiguration;
			buildSettings = {
				ALWAYS_SEARCH_USER_PATHS = NO;
				CLANG_ANALYZER_NONNULL = YES;
				CLANG_ANALYZER_NUMBER_OBJECT_CONVERSION = YES_AGGRESSIVE;
				CLANG_CXX_LANGUAGE_STANDARD = "gnu++14";
				CLANG_CXX_LIBRARY = "libc++";
				CLANG_ENABLE_MODULES = YES;
				CLANG_ENABLE_OBJC_ARC = YES;
				CLANG_ENABLE_OBJC_WEAK = YES;
				CLANG_WARN_BLOCK_CAPTURE_AUTORELEASING = YES;
				CLANG_WARN_BOOL_CONVERSION = YES;
				CLANG_WARN_COMMA = YES;
				CLANG_WARN_CONSTANT_CONVERSION = YES;
				CLANG_WARN_DEPRECATED_OBJC_IMPLEMENTATIONS = YES;
				CLANG_WARN_DIRECT_OBJC_ISA_USAGE = YES_ERROR;
				CLANG_WARN_DOCUMENTATION_COMMENTS = YES;
				CLANG_WARN_EMPTY_BODY = YES;
				CLANG_WARN_ENUM_CONVERSION = YES;
				CLANG_WARN_INFINITE_RECURSION = YES;
				CLANG_WARN_INT_CONVERSION = YES;
				CLANG_WARN_NON_LITERAL_NULL_CONVERSION = YES;
				CLANG_WARN_OBJC_IMPLICIT_RETAIN_SELF = YES;
				CLANG_WARN_OBJC_LITERAL_CONVERSION = YES;
				CLANG_WARN_OBJC_ROOT_CLASS = YES_ERROR;
				CLANG_WARN_RANGE_LOOP_ANALYSIS = YES;
				CLANG_WARN_STRICT_PROTOTYPES = YES;
				CLANG_WARN_SUSPICIOUS_MOVE = YES;
				CLANG_WARN_UNGUARDED_AVAILABILITY = YES_AGGRESSIVE;
				CLANG_WARN_UNREACHABLE_CODE = YES;
				CLANG_WARN__DUPLICATE_METHOD_MATCH = YES;
				COPY_PHASE_STRIP = NO;
				DEBUG_INFORMATION_FORMAT = "dwarf-with-dsym";
				ENABLE_NS_ASSERTIONS = NO;
				ENABLE_STRICT_OBJC_MSGSEND = YES;
				GCC_C_LANGUAGE_STANDARD = gnu11;
				GCC_NO_COMMON_BLOCKS = YES;
				GCC_WARN_64_TO_32_BIT_CONVERSION = YES;
				GCC_WARN_ABOUT_RETURN_TYPE = YES_ERROR;
				GCC_WARN_UNDECLARED_SELECTOR = YES;
				GCC_WARN_UNINITIALIZED_AUTOS = YES_AGGRESSIVE;
				GCC_WARN_UNUSED_FUNCTION = YES;
				GCC_WARN_UNUSED_VARIABLE = YES;
				IPHONEOS_DEPLOYMENT_TARGET = 13.2;
				MTL_ENABLE_DEBUG_INFO = NO;
				MTL_FAST_MATH = YES;
				SDKROOT = iphoneos;
				SWIFT_COMPILATION_MODE = wholemodule;
				SWIFT_OPTIMIZATION_LEVEL = "-O";
				VALIDATE_PRODUCT = YES;
			};
			name = Release;
		};
		720D081F23E984AF00569622 /* Debug */ = {
			isa = XCBuildConfiguration;
			buildSettings = {
				ASSETCATALOG_COMPILER_APPICON_NAME = AppIcon;
				CODE_SIGN_STYLE = Automatic;
				INFOPLIST_FILE = "date-suggester-iOS/Info.plist";
				LD_RUNPATH_SEARCH_PATHS = (
					"$(inherited)",
					"@executable_path/Frameworks",
				);
				PRODUCT_BUNDLE_IDENTIFIER = "jp.co.sample.date-suggester-iOS";
				PRODUCT_NAME = "$(TARGET_NAME)";
				SWIFT_VERSION = 5.0;
				TARGETED_DEVICE_FAMILY = "1,2";
			};
			name = Debug;
		};
		720D082023E984AF00569622 /* Release */ = {
			isa = XCBuildConfiguration;
			buildSettings = {
				ASSETCATALOG_COMPILER_APPICON_NAME = AppIcon;
				CODE_SIGN_STYLE = Automatic;
				INFOPLIST_FILE = "date-suggester-iOS/Info.plist";
				LD_RUNPATH_SEARCH_PATHS = (
					"$(inherited)",
					"@executable_path/Frameworks",
				);
				PRODUCT_BUNDLE_IDENTIFIER = "jp.co.sample.date-suggester-iOS";
				PRODUCT_NAME = "$(TARGET_NAME)";
				SWIFT_VERSION = 5.0;
				TARGETED_DEVICE_FAMILY = "1,2";
			};
			name = Release;
		};
		720D082223E984AF00569622 /* Debug */ = {
			isa = XCBuildConfiguration;
			buildSettings = {
				ALWAYS_EMBED_SWIFT_STANDARD_LIBRARIES = YES;
				BUNDLE_LOADER = "$(TEST_HOST)";
				CODE_SIGN_STYLE = Automatic;
				INFOPLIST_FILE = "date-suggester-iOSTests/Info.plist";
				IPHONEOS_DEPLOYMENT_TARGET = 13.2;
				LD_RUNPATH_SEARCH_PATHS = (
					"$(inherited)",
					"@executable_path/Frameworks",
					"@loader_path/Frameworks",
				);
				PRODUCT_BUNDLE_IDENTIFIER = "jp.co.sample.date-suggester-iOSTests";
				PRODUCT_NAME = "$(TARGET_NAME)";
				SWIFT_VERSION = 5.0;
				TARGETED_DEVICE_FAMILY = "1,2";
				TEST_HOST = "$(BUILT_PRODUCTS_DIR)/date-suggester-iOS.app/date-suggester-iOS";
			};
			name = Debug;
		};
		720D082323E984AF00569622 /* Release */ = {
			isa = XCBuildConfiguration;
			buildSettings = {
				ALWAYS_EMBED_SWIFT_STANDARD_LIBRARIES = YES;
				BUNDLE_LOADER = "$(TEST_HOST)";
				CODE_SIGN_STYLE = Automatic;
				INFOPLIST_FILE = "date-suggester-iOSTests/Info.plist";
				IPHONEOS_DEPLOYMENT_TARGET = 13.2;
				LD_RUNPATH_SEARCH_PATHS = (
					"$(inherited)",
					"@executable_path/Frameworks",
					"@loader_path/Frameworks",
				);
				PRODUCT_BUNDLE_IDENTIFIER = "jp.co.sample.date-suggester-iOSTests";
				PRODUCT_NAME = "$(TARGET_NAME)";
				SWIFT_VERSION = 5.0;
				TARGETED_DEVICE_FAMILY = "1,2";
				TEST_HOST = "$(BUILT_PRODUCTS_DIR)/date-suggester-iOS.app/date-suggester-iOS";
			};
			name = Release;
		};
		720D082523E984AF00569622 /* Debug */ = {
			isa = XCBuildConfiguration;
			buildSettings = {
				ALWAYS_EMBED_SWIFT_STANDARD_LIBRARIES = YES;
				CODE_SIGN_STYLE = Automatic;
				INFOPLIST_FILE = "date-suggester-iOSUITests/Info.plist";
				LD_RUNPATH_SEARCH_PATHS = (
					"$(inherited)",
					"@executable_path/Frameworks",
					"@loader_path/Frameworks",
				);
				PRODUCT_BUNDLE_IDENTIFIER = "jp.co.sample.date-suggester-iOSUITests";
				PRODUCT_NAME = "$(TARGET_NAME)";
				SWIFT_VERSION = 5.0;
				TARGETED_DEVICE_FAMILY = "1,2";
				TEST_TARGET_NAME = "date-suggester-iOS";
			};
			name = Debug;
		};
		720D082623E984AF00569622 /* Release */ = {
			isa = XCBuildConfiguration;
			buildSettings = {
				ALWAYS_EMBED_SWIFT_STANDARD_LIBRARIES = YES;
				CODE_SIGN_STYLE = Automatic;
				INFOPLIST_FILE = "date-suggester-iOSUITests/Info.plist";
				LD_RUNPATH_SEARCH_PATHS = (
					"$(inherited)",
					"@executable_path/Frameworks",
					"@loader_path/Frameworks",
				);
				PRODUCT_BUNDLE_IDENTIFIER = "jp.co.sample.date-suggester-iOSUITests";
				PRODUCT_NAME = "$(TARGET_NAME)";
				SWIFT_VERSION = 5.0;
				TARGETED_DEVICE_FAMILY = "1,2";
				TEST_TARGET_NAME = "date-suggester-iOS";
			};
			name = Release;
		};
/* End XCBuildConfiguration section */

/* Begin XCConfigurationList section */
		720D07EF23E984AE00569622 /* Build configuration list for PBXProject "date-suggester-iOS" */ = {
			isa = XCConfigurationList;
			buildConfigurations = (
				720D081C23E984AF00569622 /* Debug */,
				720D081D23E984AF00569622 /* Release */,
			);
			defaultConfigurationIsVisible = 0;
			defaultConfigurationName = Release;
		};
		720D081E23E984AF00569622 /* Build configuration list for PBXNativeTarget "date-suggester-iOS" */ = {
			isa = XCConfigurationList;
			buildConfigurations = (
				720D081F23E984AF00569622 /* Debug */,
				720D082023E984AF00569622 /* Release */,
			);
			defaultConfigurationIsVisible = 0;
			defaultConfigurationName = Release;
		};
		720D082123E984AF00569622 /* Build configuration list for PBXNativeTarget "date-suggester-iOSTests" */ = {
			isa = XCConfigurationList;
			buildConfigurations = (
				720D082223E984AF00569622 /* Debug */,
				720D082323E984AF00569622 /* Release */,
			);
			defaultConfigurationIsVisible = 0;
			defaultConfigurationName = Release;
		};
		720D082423E984AF00569622 /* Build configuration list for PBXNativeTarget "date-suggester-iOSUITests" */ = {
			isa = XCConfigurationList;
			buildConfigurations = (
				720D082523E984AF00569622 /* Debug */,
				720D082623E984AF00569622 /* Release */,
			);
			defaultConfigurationIsVisible = 0;
			defaultConfigurationName = Release;
		};
/* End XCConfigurationList section */
	};
	rootObject = 720D07EC23E984AE00569622 /* Project object */;
}
